{
  "name": "react-hoist-nested-components",
  "version": "0.1.0",
  "lockfileVersion": 3,
  "requires": true,
  "packages": {
    "": {
      "name": "react-hoist-nested-components",
      "version": "0.1.0",
      "devDependencies": {
        "@codemod.com/jssg-types": "latest",
        "@jssg/utils": "latest",
        "typescript": "latest"
      }
    },
    "node_modules/@codemod.com/jssg-types": {
      "version": "1.5.0",
      "resolved": "https://registry.npmjs.org/@codemod.com/jssg-types/-/jssg-types-1.5.0.tgz",
      "integrity": "sha512-zChRbxI3hBSGrAHnWlEzOw1FztLWMMiarwcr0Wbk0On4hmv7dVgoUqpIHfxb64mEMKJ5syTIKY3ZNd8DcFQa5w==",
      "dev": true,
      "license": "Apache-2.0"
    },
    "node_modules/@jssg/utils": {
      "version": "0.0.2",
      "resolved": "https://registry.npmjs.org/@jssg/utils/-/utils-0.0.2.tgz",
      "integrity": "sha512-eCQv5Xs9yfI6OKq2PQ8SyKsxPhdiaJY/XAFJmsZiVbsK5DIBBmGBA95CsyD4JFWXDKkNv6Q7ER/Kbp6/uWzB2w==",
      "dev": true,
      "license": "Apache-2.0"
    },
    "node_modules/typescript": {
      "version": "5.9.3",
      "resolved": "https://registry.npmjs.org/typescript/-/typescript-5.9.3.tgz",
      "integrity": "sha512-jl1vZzPDinLr9eUt3J/t7V6FgNEw9QjvBPdysz9KfQDD41fQrC2Y4vKQdiaUpFT4bXlb1RHhLpp8wtm6M5TgSw==",
      "dev": true,
      "license": "Apache-2.0",
      "bin": {
        "tsc": "bin/tsc",
        "tsserver": "bin/tsserver"
      },
      "engines": {
        "node": ">=14.17"
      }
    }
  }
}
